
Microsoft Visual Studio Solution File, Format Version 12.00
# Visual Studio 15
VisualStudioVersion = 15.0.26730.12
MinimumVisualStudioVersion = 10.0.40219.1
Project("{2150E333-8FDC-42A3-9474-1A3956D46DE8}") = "Engine", "Engine", "{A516685A-3182-4F82-8D30-A9C1ACD8FBE3}"
EndProject
Project("{2150E333-8FDC-42A3-9474-1A3956D46DE8}") = "Games", "Games", "{C226E5DC-9E85-4297-A142-EAE23C49BE64}"
EndProject
Project("{8BC9CEB8-8B4A-11D0-8D11-00A0C91BC942}") = "UE4", "Intermediate\ProjectFiles\UE4.vcxproj", "{A25D016E-CA76-4FF4-AD9E-648370E3A49E}"
EndProject
Project("{8BC9CEB8-8B4A-11D0-8D11-00A0C91BC942}") = "TankBattle", "Intermediate\ProjectFiles\TankBattle.vcxproj", "{BBC95F61-6B99-42CB-B571-E2F5418A4DFB}"
EndProject
Global
	GlobalSection(SolutionConfigurationPlatforms) = preSolution
		DebugGame Editor|HTML5 = DebugGame Editor|HTML5
		DebugGame Editor|Win32 = DebugGame Editor|Win32
		DebugGame Editor|Win64 = DebugGame Editor|Win64
		DebugGame|HTML5 = DebugGame|HTML5
		DebugGame|Win32 = DebugGame|Win32
		DebugGame|Win64 = DebugGame|Win64
		Development Editor|HTML5 = Development Editor|HTML5
		Development Editor|Win32 = Development Editor|Win32
		Development Editor|Win64 = Development Editor|Win64
		Development|HTML5 = Development|HTML5
		Development|Win32 = Development|Win32
		Development|Win64 = Development|Win64
		Shipping|HTML5 = Shipping|HTML5
		Shipping|Win32 = Shipping|Win32
		Shipping|Win64 = Shipping|Win64
	EndGlobalSection
	GlobalSection(ProjectConfigurationPlatforms) = postSolution
		{A25D016E-CA76-4FF4-AD9E-648370E3A49E}.DebugGame Editor|HTML5.ActiveCfg = BuiltWithUnrealBuildTool|Win32
		{A25D016E-CA76-4FF4-AD9E-648370E3A49E}.DebugGame Editor|HTML5.Build.0 = BuiltWithUnrealBuildTool|Win32
		{A25D016E-CA76-4FF4-AD9E-648370E3A49E}.DebugGame Editor|Win32.ActiveCfg = BuiltWithUnrealBuildTool|Win32
		{A25D016E-CA76-4FF4-AD9E-648370E3A49E}.DebugGame Editor|Win32.Build.0 = BuiltWithUnrealBuildTool|Win32
		{A25D016E-CA76-4FF4-AD9E-648370E3A49E}.DebugGame Editor|Win64.ActiveCfg = BuiltWithUnrealBuildTool|Win32
		{A25D016E-CA76-4FF4-AD9E-648370E3A49E}.DebugGame Editor|Win64.Build.0 = BuiltWithUnrealBuildTool|Win32
		{A25D016E-CA76-4FF4-AD9E-648370E3A49E}.DebugGame|HTML5.ActiveCfg = BuiltWithUnrealBuildTool|Win32
		{A25D016E-CA76-4FF4-AD9E-648370E3A49E}.DebugGame|HTML5.Build.0 = BuiltWithUnrealBuildTool|Win32
		{A25D016E-CA76-4FF4-AD9E-648370E3A49E}.DebugGame|Win32.ActiveCfg = BuiltWithUnrealBuildTool|Win32
		{A25D016E-CA76-4FF4-AD9E-648370E3A49E}.DebugGame|Win32.Build.0 = BuiltWithUnrealBuildTool|Win32
		{A25D016E-CA76-4FF4-AD9E-648370E3A49E}.DebugGame|Win64.ActiveCfg = BuiltWithUnrealBuildTool|Win32
		{A25D016E-CA76-4FF4-AD9E-648370E3A49E}.DebugGame|Win64.Build.0 = BuiltWithUnrealBuildTool|Win32
		{A25D016E-CA76-4FF4-AD9E-648370E3A49E}.Development Editor|HTML5.ActiveCfg = BuiltWithUnrealBuildTool|Win32
		{A25D016E-CA76-4FF4-AD9E-648370E3A49E}.Development Editor|HTML5.Build.0 = BuiltWithUnrealBuildTool|Win32
		{A25D016E-CA76-4FF4-AD9E-648370E3A49E}.Development Editor|Win32.ActiveCfg = BuiltWithUnrealBuildTool|Win32
		{A25D016E-CA76-4FF4-AD9E-648370E3A49E}.Development Editor|Win32.Build.0 = BuiltWithUnrealBuildTool|Win32
		{A25D016E-CA76-4FF4-AD9E-648370E3A49E}.Development Editor|Win64.ActiveCfg = BuiltWithUnrealBuildTool|Win32
		{A25D016E-CA76-4FF4-AD9E-648370E3A49E}.Development Editor|Win64.Build.0 = BuiltWithUnrealBuildTool|Win32
		{A25D016E-CA76-4FF4-AD9E-648370E3A49E}.Development|HTML5.ActiveCfg = BuiltWithUnrealBuildTool|Win32
		{A25D016E-CA76-4FF4-AD9E-648370E3A49E}.Development|HTML5.Build.0 = BuiltWithUnrealBuildTool|Win32
		{A25D016E-CA76-4FF4-AD9E-648370E3A49E}.Development|Win32.ActiveCfg = BuiltWithUnrealBuildTool|Win32
		{A25D016E-CA76-4FF4-AD9E-648370E3A49E}.Development|Win32.Build.0 = BuiltWithUnrealBuildTool|Win32
		{A25D016E-CA76-4FF4-AD9E-648370E3A49E}.Development|Win64.ActiveCfg = BuiltWithUnrealBuildTool|Win32
		{A25D016E-CA76-4FF4-AD9E-648370E3A49E}.Development|Win64.Build.0 = BuiltWithUnrealBuildTool|Win32
		{A25D016E-CA76-4FF4-AD9E-648370E3A49E}.Shipping|HTML5.ActiveCfg = BuiltWithUnrealBuildTool|Win32
		{A25D016E-CA76-4FF4-AD9E-648370E3A49E}.Shipping|HTML5.Build.0 = BuiltWithUnrealBuildTool|Win32
		{A25D016E-CA76-4FF4-AD9E-648370E3A49E}.Shipping|Win32.ActiveCfg = BuiltWithUnrealBuildTool|Win32
		{A25D016E-CA76-4FF4-AD9E-648370E3A49E}.Shipping|Win32.Build.0 = BuiltWithUnrealBuildTool|Win32
		{A25D016E-CA76-4FF4-AD9E-648370E3A49E}.Shipping|Win64.ActiveCfg = BuiltWithUnrealBuildTool|Win32
		{A25D016E-CA76-4FF4-AD9E-648370E3A49E}.Shipping|Win64.Build.0 = BuiltWithUnrealBuildTool|Win32
		{BBC95F61-6B99-42CB-B571-E2F5418A4DFB}.DebugGame Editor|HTML5.ActiveCfg = HTML5_DebugGame_Editor|Win32
		{BBC95F61-6B99-42CB-B571-E2F5418A4DFB}.DebugGame Editor|Win32.ActiveCfg = DebugGame_Editor|Win32
		{BBC95F61-6B99-42CB-B571-E2F5418A4DFB}.DebugGame Editor|Win64.ActiveCfg = DebugGame_Editor|x64
		{BBC95F61-6B99-42CB-B571-E2F5418A4DFB}.DebugGame Editor|Win64.Build.0 = DebugGame_Editor|x64
		{BBC95F61-6B99-42CB-B571-E2F5418A4DFB}.DebugGame|HTML5.ActiveCfg = HTML5_DebugGame_Game|Win32
		{BBC95F61-6B99-42CB-B571-E2F5418A4DFB}.DebugGame|HTML5.Build.0 = HTML5_DebugGame_Game|Win32
		{BBC95F61-6B99-42CB-B571-E2F5418A4DFB}.DebugGame|Win32.ActiveCfg = DebugGame_Game|Win32
		{BBC95F61-6B99-42CB-B571-E2F5418A4DFB}.DebugGame|Win32.Build.0 = DebugGame_Game|Win32
		{BBC95F61-6B99-42CB-B571-E2F5418A4DFB}.DebugGame|Win64.ActiveCfg = DebugGame_Game|x64
		{BBC95F61-6B99-42CB-B571-E2F5418A4DFB}.DebugGame|Win64.Build.0 = DebugGame_Game|x64
		{BBC95F61-6B99-42CB-B571-E2F5418A4DFB}.Development Editor|HTML5.ActiveCfg = HTML5_Development_Editor|Win32
		{BBC95F61-6B99-42CB-B571-E2F5418A4DFB}.Development Editor|Win32.ActiveCfg = Development_Editor|Win32
		{BBC95F61-6B99-42CB-B571-E2F5418A4DFB}.Development Editor|Win64.ActiveCfg = Development_Editor|x64
		{BBC95F61-6B99-42CB-B571-E2F5418A4DFB}.Development Editor|Win64.Build.0 = Development_Editor|x64
		{BBC95F61-6B99-42CB-B571-E2F5418A4DFB}.Development|HTML5.ActiveCfg = HTML5_Development_Game|Win32
		{BBC95F61-6B99-42CB-B571-E2F5418A4DFB}.Development|HTML5.Build.0 = HTML5_Development_Game|Win32
		{BBC95F61-6B99-42CB-B571-E2F5418A4DFB}.Development|Win32.ActiveCfg = Development_Game|Win32
		{BBC95F61-6B99-42CB-B571-E2F5418A4DFB}.Development|Win32.Build.0 = Development_Game|Win32
		{BBC95F61-6B99-42CB-B571-E2F5418A4DFB}.Development|Win64.ActiveCfg = Development_Game|x64
		{BBC95F61-6B99-42CB-B571-E2F5418A4DFB}.Development|Win64.Build.0 = Development_Game|x64
		{BBC95F61-6B99-42CB-B571-E2F5418A4DFB}.Shipping|HTML5.ActiveCfg = HTML5_Shipping_Game|Win32
		{BBC95F61-6B99-42CB-B571-E2F5418A4DFB}.Shipping|HTML5.Build.0 = HTML5_Shipping_Game|Win32
		{BBC95F61-6B99-42CB-B571-E2F5418A4DFB}.Shipping|Win32.ActiveCfg = Shipping_Game|Win32
		{BBC95F61-6B99-42CB-B571-E2F5418A4DFB}.Shipping|Win32.Build.0 = Shipping_Game|Win32
		{BBC95F61-6B99-42CB-B571-E2F5418A4DFB}.Shipping|Win64.ActiveCfg = Shipping_Game|x64
		{BBC95F61-6B99-42CB-B571-E2F5418A4DFB}.Shipping|Win64.Build.0 = Shipping_Game|x64
	EndGlobalSection
	GlobalSection(SolutionProperties) = preSolution
		HideSolutionNode = FALSE
	EndGlobalSection
	GlobalSection(NestedProjects) = preSolution
		{A25D016E-CA76-4FF4-AD9E-648370E3A49E} = {A516685A-3182-4F82-8D30-A9C1ACD8FBE3}
		{BBC95F61-6B99-42CB-B571-E2F5418A4DFB} = {C226E5DC-9E85-4297-A142-EAE23C49BE64}
	EndGlobalSection
	GlobalSection(ExtensibilityGlobals) = postSolution
		SolutionGuid = {12593922-0BFC-43CF-B895-608E20A92F01}
	EndGlobalSection
EndGlobal
